
Microsoft Visual Studio Solution File, Format Version 12.00
# Visual Studio Version 17
VisualStudioVersion = 17.6.33723.286
MinimumVisualStudioVersion = 10.0.40219.1
Project("{2150E333-8FDC-42A3-9474-1A3956D46DE8}") = "Core", "Core", "{AC03ADF7-B58A-4F72-9D41-DB5EEA43B3A1}"
EndProject
Project("{2150E333-8FDC-42A3-9474-1A3956D46DE8}") = "Apis", "Apis", "{6697FEF3-D741-40F8-B5A1-D6BDE2267103}"
EndProject
Project("{2150E333-8FDC-42A3-9474-1A3956D46DE8}") = "Tools", "Tools", "{F9A2B29F-4807-4C70-80F5-819B36B2B318}"
EndProject
Project("{2150E333-8FDC-42A3-9474-1A3956D46DE8}") = "Tests", "Tests", "{66EC5621-1A02-4917-BF1F-D883B070E700}"
EndProject
Project("{2150E333-8FDC-42A3-9474-1A3956D46DE8}") = "Functional", "Functional", "{FE2A2E89-57F5-46A3-82CA-3C5B63AB1823}"
EndProject
Project("{2150E333-8FDC-42A3-9474-1A3956D46DE8}") = "Integration", "Integration", "{D00548A2-564A-40FB-B32C-6EDAB77B2E9F}"
EndProject
Project("{2150E333-8FDC-42A3-9474-1A3956D46DE8}") = "Unit", "Unit", "{7AFB3B2D-331A-47B3-A010-0C9F45FBC488}"
EndProject
Project("{2150E333-8FDC-42A3-9474-1A3956D46DE8}") = "Core", "Core", "{8A0FEAF8-AFC9-4169-BDCF-90AED2CDC300}"
EndProject
Project("{2150E333-8FDC-42A3-9474-1A3956D46DE8}") = "Modules", "Modules", "{2A3D1CD1-9B6F-4B54-B65A-8D49F486EDB9}"
EndProject
Project("{2150E333-8FDC-42A3-9474-1A3956D46DE8}") = "Importer", "Importer", "{E645353F-7613-41C0-8844-146D3CEAD817}"
EndProject
Project("{2150E333-8FDC-42A3-9474-1A3956D46DE8}") = "WebApis", "WebApis", "{E0524F3A-6339-415D-B573-7EB0D5041E74}"
EndProject
Project("{9A19103F-16F7-4668-BE54-9A1E7A4F7556}") = "Deliscio.Apis.WebApi.Managers", "src\apis\webapis\Deliscio.Apis.WebApi.Managers\Deliscio.Apis.WebApi.Managers.csproj", "{4734CEB6-89B8-45E6-A599-E0A131139A79}"
EndProject
Project("{9A19103F-16F7-4668-BE54-9A1E7A4F7556}") = "Deliscio.Apis.WebApi", "src\apis\webapis\Deliscio.Apis.WebApi\Deliscio.Apis.WebApi.csproj", "{D7628DA2-674D-4225-811A-E3FF4800EF10}"
EndProject
Project("{9A19103F-16F7-4668-BE54-9A1E7A4F7556}") = "Deliscio.Apis.WebApi.Common", "src\apis\webapis\Deliscio.Apis.WebApis.Common\Deliscio.Apis.WebApi.Common.csproj", "{50AD45F5-C9E2-4B54-9BEB-717A2A30DA1C}"
EndProject
Project("{2150E333-8FDC-42A3-9474-1A3956D46DE8}") = "Data", "Data", "{3CDD168E-C604-40C5-B043-6543C6B626E1}"
EndProject
Project("{9A19103F-16F7-4668-BE54-9A1E7A4F7556}") = "Deliscio.Core.Data", "src\core\Deliscio.Core.Data\Deliscio.Core.Data.csproj", "{4FCBB2CB-8C40-4EB1-82A0-5A76381E3392}"
EndProject
Project("{9A19103F-16F7-4668-BE54-9A1E7A4F7556}") = "Deliscio.Core.Data.Mongo", "src\core\Deliscio.Core.Data.Mongo\Deliscio.Core.Data.Mongo.csproj", "{5B23EFBD-4442-4437-A1BC-17E6FD445803}"
EndProject
Project("{9A19103F-16F7-4668-BE54-9A1E7A4F7556}") = "Deliscio.Core", "src\core\Deliscio.Core\Deliscio.Core.csproj", "{6D1D6FA6-4210-4851-931C-85CF0F3B44D9}"
EndProject
Project("{2150E333-8FDC-42A3-9474-1A3956D46DE8}") = "Backlog", "Backlog", "{F1D22FE1-3CC4-4ABF-886C-FA24247B79B2}"
EndProject
Project("{2150E333-8FDC-42A3-9474-1A3956D46DE8}") = "Solution Items", "Solution Items", "{EE8784DF-D90D-4510-ADDF-254F74E631CD}"
	ProjectSection(SolutionItems) = preProject
		.dockerignore = .dockerignore
		.editorconfig = .editorconfig
		.gitignore = .gitignore
		.unitTestGeneratorConfig = .unitTestGeneratorConfig
		Directory.Build.props = Directory.Build.props
		docker-compose-mongo.yml = docker-compose-mongo.yml
		env.txt = env.txt
		GitVersion.yml = GitVersion.yml
		README.md = README.md
	EndProjectSection
EndProject
Project("{9A19103F-16F7-4668-BE54-9A1E7A4F7556}") = "Deliscio.Tools.CsvImporter", "src\tools\Deliscio.Tools.CsvImporter\Deliscio.Tools.CsvImporter.csproj", "{65AFAD76-3B6E-43A4-A94B-599BC912DB71}"
EndProject
Project("{2150E333-8FDC-42A3-9474-1A3956D46DE8}") = "Links", "Links", "{CBFF9B23-59F5-4117-9AC6-6A5D496BDD72}"
EndProject
Project("{9A19103F-16F7-4668-BE54-9A1E7A4F7556}") = "Deliscio.Modules.Backlog", "src\modules\BacklogLinks\Deliscio.Modules.Backlog\Deliscio.Modules.Backlog.csproj", "{CD691B65-40CA-46BB-B1DE-5F7BB73CD7B7}"
EndProject
Project("{2150E333-8FDC-42A3-9474-1A3956D46DE8}") = "Modules", "Modules", "{999FC850-B0BF-4661-B7A8-7509F3DC8683}"
EndProject
Project("{2150E333-8FDC-42A3-9474-1A3956D46DE8}") = "Apis", "Apis", "{E794F7B4-F237-446E-9FA5-FDBC154FDF49}"
EndProject
Project("{2150E333-8FDC-42A3-9474-1A3956D46DE8}") = "WebApis", "WebApis", "{B61C225C-7AF5-4A0B-9ACC-0E5557DF447A}"
EndProject
Project("{9A19103F-16F7-4668-BE54-9A1E7A4F7556}") = "Deliscio.Tests.Functional.Apis.WebApis", "tests\functional\apis\webapis\Deliscio.Tests.Functional.Apis.WebApis\Deliscio.Tests.Functional.Apis.WebApis.csproj", "{E36C93F3-A604-451C-8312-550354BE81B6}"
EndProject
Project("{2150E333-8FDC-42A3-9474-1A3956D46DE8}") = "Workers", "Workers", "{4B060D42-9CBB-451B-905D-2A3F096489A6}"
EndProject
Project("{2150E333-8FDC-42A3-9474-1A3956D46DE8}") = "QueuedLinks", "QueuedLinks", "{83650EA7-03B1-41E0-B052-083310FB1FC4}"
EndProject
Project("{2150E333-8FDC-42A3-9474-1A3956D46DE8}") = "UserLinks", "UserLinks", "{9164AB74-9390-4531-BB35-A7A78141B393}"
EndProject
Project("{2150E333-8FDC-42A3-9474-1A3956D46DE8}") = "LinksProcessor", "LinksProcessor", "{807B60C0-B77B-4D11-97FF-867DACA3EA51}"
EndProject
Project("{2150E333-8FDC-42A3-9474-1A3956D46DE8}") = "Common", "Common", "{CD657082-621C-4259-BFBB-86719BE0EE27}"
EndProject
Project("{9A19103F-16F7-4668-BE54-9A1E7A4F7556}") = "Deliscio.Workers.LinksProcessor", "src\workers\LinksProcessor\Deliscio.Workers.LinksProcessor.csproj", "{6B06CE26-A9E8-439C-9C5D-1E1AC748E4B1}"
EndProject
Project("{9A19103F-16F7-4668-BE54-9A1E7A4F7556}") = "Deliscio.Common", "src\common\Common\Deliscio.Common.csproj", "{D0834B2E-4784-41EF-89A7-4BD9AF5F8B71}"
EndProject
Project("{9A19103F-16F7-4668-BE54-9A1E7A4F7556}") = "Deliscio.Modules.UserLinks", "src\modules\UserLinks\UserLinks\Deliscio.Modules.UserLinks.csproj", "{A8321F1A-CA91-463E-93A1-224A1DB1C73B}"
EndProject
Project("{9A19103F-16F7-4668-BE54-9A1E7A4F7556}") = "Deliscio.Modules.UserLinks.Common", "src\modules\UserLinks\Common\Deliscio.Modules.UserLinks.Common.csproj", "{A59C2A25-663D-45C4-B18C-1F8F80D98D4C}"
EndProject
Project("{9A19103F-16F7-4668-BE54-9A1E7A4F7556}") = "Deliscio.Modules.UserLinks.MediatR", "src\modules\UserLinks\MediatR\Deliscio.Modules.UserLinks.MediatR.csproj", "{60CA6767-315E-4FE5-A60D-E5F747DB3B63}"
EndProject
Project("{9A19103F-16F7-4668-BE54-9A1E7A4F7556}") = "Deliscio.Modules.QueuedLinks", "src\modules\QueuedLink\QueuedLinks\Deliscio.Modules.QueuedLinks.csproj", "{F7F3A25D-921C-48EB-B5DD-536D257630E1}"
EndProject
Project("{9A19103F-16F7-4668-BE54-9A1E7A4F7556}") = "Deliscio.Modules.QueuedLinks.Common", "src\modules\QueuedLink\Common\Deliscio.Modules.QueuedLinks.Common.csproj", "{F86281CA-A201-45F4-82D4-A4BD203F7F99}"
EndProject
Project("{9A19103F-16F7-4668-BE54-9A1E7A4F7556}") = "Deliscio.Modules.QueuedLinks.MediatR", "src\modules\QueuedLink\MediatR\Deliscio.Modules.QueuedLinks.MediatR.csproj", "{352D8FC9-C6F1-4128-B8D7-3112C9D0A51E}"
EndProject
Project("{9A19103F-16F7-4668-BE54-9A1E7A4F7556}") = "Deliscio.Modules.QueuedLinks.MassTransit", "src\modules\QueuedLink\MassTransit\Deliscio.Modules.QueuedLinks.MassTransit.csproj", "{81CD3E8C-2A67-4AFB-AA35-BFB8B5262D69}"
EndProject
Project("{9A19103F-16F7-4668-BE54-9A1E7A4F7556}") = "Deliscio.Tests.Unit.Modules", "tests\unit\modules\Deliscio.Tests.Unit.Modules\Deliscio.Tests.Unit.Modules.csproj", "{BFF75DFF-EBBD-49D5-A0BE-DF7251F39829}"
EndProject
Project("{9A19103F-16F7-4668-BE54-9A1E7A4F7556}") = "Deliscio.Modules.QueuedLinks.Verifier", "src\modules\QueuedLink\Verifier\Deliscio.Modules.QueuedLinks.Verifier.csproj", "{235DEF65-E9CE-4A4B-92CA-4CD57078F786}"
EndProject
Project("{9A19103F-16F7-4668-BE54-9A1E7A4F7556}") = "Deliscio.Modules.QueuedLinks.Harvester", "src\modules\QueuedLink\Harvester\Deliscio.Modules.QueuedLinks.Harvester.csproj", "{146006D2-7EC2-47CD-9E0B-34FAE0AEB12D}"
EndProject
Project("{9A19103F-16F7-4668-BE54-9A1E7A4F7556}") = "Deliscio.Modules.QueuedLinks.Tagger", "src\modules\QueuedLink\Tagger\Deliscio.Modules.QueuedLinks.Tagger.csproj", "{DD08E98A-9394-4576-B5B5-510D2339911A}"
EndProject
Project("{2150E333-8FDC-42A3-9474-1A3956D46DE8}") = "WebApi", "WebApi", "{88D6FD7E-1AE9-44A6-8283-EA80A75717CE}"
EndProject
Project("{9A19103F-16F7-4668-BE54-9A1E7A4F7556}") = "Deliscio.Tests.Unit.WebApi", "tests\unit\webapi\Deliscio.Tests.Unit.WebApi\Deliscio.Tests.Unit.WebApi.csproj", "{2D1D2659-5DBA-47E2-8F03-5D95ABA306C9}"
EndProject
Project("{2150E333-8FDC-42A3-9474-1A3956D46DE8}") = "Settings", "Settings", "{BEB01BDD-B29E-41E1-9022-A6F1D8CBC4E7}"
EndProject
Project("{2150E333-8FDC-42A3-9474-1A3956D46DE8}") = "Common", "Common", "{6F46F840-7BA4-4C33-94B8-BB86C3624EC5}"
EndProject
Project("{2150E333-8FDC-42A3-9474-1A3956D46DE8}") = "UserProfiles", "UserProfiles", "{775C3E45-C97E-4FBA-A5E2-A3855CB7A341}"
EndProject
Project("{9A19103F-16F7-4668-BE54-9A1E7A4F7556}") = "Deliscio.Modules.UserProfiles", "src\modules\UserProfiles\Deliscio.Modules.UserProfiles\Deliscio.Modules.UserProfiles.csproj", "{A8B8E5FB-5272-467C-8172-7ED0EBF0116A}"
EndProject
Project("{2150E333-8FDC-42A3-9474-1A3956D46DE8}") = "Authentication", "Authentication", "{5E364BA3-3466-4E95-B495-07DCE788CD46}"
EndProject
Project("{9A19103F-16F7-4668-BE54-9A1E7A4F7556}") = "Deliscio.Modules.Authentication", "src\modules\Authentication\Deliscio.Modules.Authentication\Deliscio.Modules.Authentication.csproj", "{D10A1FD8-866D-4136-8116-64E9B0AEB834}"
EndProject
Project("{2150E333-8FDC-42A3-9474-1A3956D46DE8}") = "Web", "Web", "{46A86307-FA51-4E81-B9D5-1CF0BC0273CA}"
EndProject
Project("{9A19103F-16F7-4668-BE54-9A1E7A4F7556}") = "Deliscio.Tests.Functional.Web.Site", "tests\functional\web\Deliscio.Tests.Functional.Web.Mvc\Deliscio.Tests.Functional.Web.Site.csproj", "{B6A76E11-A771-4246-9CA2-E8D2E0ED3600}"
EndProject
Project("{2150E333-8FDC-42A3-9474-1A3956D46DE8}") = "Web", "Web", "{AE15A452-342A-4CB0-AB71-7C2247F5E166}"
EndProject
Project("{9A19103F-16F7-4668-BE54-9A1E7A4F7556}") = "Deliscio.Tests.Integration", "tests\integration\Deliscio.Tests.Integration\Deliscio.Tests.Integration.csproj", "{8D676F9F-8EED-4628-ACFA-67AE6072C02F}"
EndProject
Project("{2150E333-8FDC-42A3-9474-1A3956D46DE8}") = "Web", "Web", "{7C9F7B27-36BF-47C2-8A8F-12C6CBEB3CB6}"
EndProject
Project("{9A19103F-16F7-4668-BE54-9A1E7A4F7556}") = "Deliscio.Tests.Unit.Web", "tests\unit\web\Deliscio.Tests.Unit.Web\Deliscio.Tests.Unit.Web.csproj", "{96D44300-4377-4139-BC8C-277C0B6A31D7}"
EndProject
Project("{2150E333-8FDC-42A3-9474-1A3956D46DE8}") = "AdminApis", "AdminApis", "{E116263E-AE49-40EA-8436-EA3C192C1D77}"
EndProject
Project("{9A19103F-16F7-4668-BE54-9A1E7A4F7556}") = "Deliscio.Apis.AdminApi", "src\apis\adminapis\Deliscio.Apis.AdminApi\Deliscio.Apis.AdminApi.csproj", "{E14720E9-4C0A-45D2-A2E5-AB1D25D75DD8}"
EndProject
Project("{2150E333-8FDC-42A3-9474-1A3956D46DE8}") = "Containers", "Containers", "{79B91636-9526-4B47-8A04-C7026E10691F}"
EndProject
Project("{2150E333-8FDC-42A3-9474-1A3956D46DE8}") = "Web", "Web", "{3CEA80FB-4DCD-4569-98FC-0BF4E6AF9EA0}"
EndProject
Project("{2150E333-8FDC-42A3-9474-1A3956D46DE8}") = "Admin", "Admin", "{B04EF100-C21C-4B97-B3BF-85B81FC1777A}"
EndProject
Project("{2150E333-8FDC-42A3-9474-1A3956D46DE8}") = "Web + Admin", "Web + Admin", "{36DE16F6-9371-421D-8F6D-AFD4AB13A985}"
EndProject
Project("{9A19103F-16F7-4668-BE54-9A1E7A4F7556}") = "Deliscio.Containers.Admin", "src\containers\Deliscio.Containers.Admin\Deliscio.Containers.Admin.csproj", "{E48E2279-7111-4EEC-BC0B-F11A8866F79C}"
EndProject
Project("{9A19103F-16F7-4668-BE54-9A1E7A4F7556}") = "Delisicio.Containers.Common", "src\containers\Delsicio.Containers.Common\Delisicio.Containers.Common.csproj", "{3F6C2320-E607-476D-9CE9-36EFE51A9D54}"
EndProject
Project("{2150E333-8FDC-42A3-9474-1A3956D46DE8}") = "Caching", "Caching", "{3C736E50-46AB-4BE1-95F1-F5AF8958447B}"
EndProject
Project("{9A19103F-16F7-4668-BE54-9A1E7A4F7556}") = "RedisCaching", "src\modules\Common\Caching\RedisCaching\RedisCaching.csproj", "{D3C24BBD-8577-417A-AA3A-5F093FBEB1B8}"
EndProject
Project("{9A19103F-16F7-4668-BE54-9A1E7A4F7556}") = "Deliscio.Modules.UserProfiles.MediatR", "src\modules\UserProfiles\Deliscio.Modules.UserProfiles.MediatR\Deliscio.Modules.UserProfiles.MediatR.csproj", "{1DFA5B93-A17C-4033-8379-BBD9613E6D8D}"
EndProject
Project("{2150E333-8FDC-42A3-9474-1A3956D46DE8}") = "Utils", "Utils", "{72A77728-3A20-4194-BCE7-ED5BB1D35223}"
EndProject
Project("{9A19103F-16F7-4668-BE54-9A1E7A4F7556}") = "Deliscio.Modules.Common.Utils", "src\modules\Common\Deliscio.Modules.Common.Utils\Deliscio.Modules.Common.Utils.csproj", "{CC738F19-917F-4C0C-84A4-26E6D4121A71}"
EndProject
Project("{9A19103F-16F7-4668-BE54-9A1E7A4F7556}") = "Deliscio.Containers.Admin_Web", "src\containers\Deliscio.Containers.Admin_Web\Deliscio.Containers.Admin_Web.csproj", "{6875927A-0498-4811-9425-BB44D0B984FB}"
EndProject
Project("{2150E333-8FDC-42A3-9474-1A3956D46DE8}") = "Web.Admin", "Web.Admin", "{7EE71068-93FC-41D4-B757-994E1E268329}"
EndProject
Project("{2150E333-8FDC-42A3-9474-1A3956D46DE8}") = "Web.Site", "Web.Site", "{1F8598F0-29AB-4F7A-9171-0131EADB2E7C}"
EndProject
Project("{9A19103F-16F7-4668-BE54-9A1E7A4F7556}") = "Deliscio.Web.Admin", "src\web.admin\Deliscio.Web.Admin\Deliscio.Web.Admin.csproj", "{0AB43A90-8F40-4C59-9E2A-0CE42C98261F}"
EndProject
Project("{9A19103F-16F7-4668-BE54-9A1E7A4F7556}") = "Deliscio.Web.Admin.AppLayer", "src\web.admin\Deliscio.Web.Admin.AppLayer\Deliscio.Web.Admin.AppLayer.csproj", "{BE406C60-EAA8-48E5-8F5F-3E04AD70ED70}"
EndProject
Project("{2150E333-8FDC-42A3-9474-1A3956D46DE8}") = "CentralLinks", "CentralLinks", "{24BEC232-7C02-4CD9-B4E1-ED77F9E48745}"
EndProject
Project("{9A19103F-16F7-4668-BE54-9A1E7A4F7556}") = "Deliscio.Modules.Links", "src\modules\Links\Deliscio.Modules.Links\Deliscio.Modules.Links.csproj", "{EF437B6E-8E89-4311-9543-F673E0324DF1}"
EndProject
Project("{2150E333-8FDC-42A3-9474-1A3956D46DE8}") = "BuildingBlocks", "BuildingBlocks", "{547BF5A7-EB2F-4F7E-AD7E-372C3FF71424}"
EndProject
Project("{9A19103F-16F7-4668-BE54-9A1E7A4F7556}") = "Habanerio.Core.BuildingBlocks.Domain", "src\core\BuildingBlocks\Habanerio.Core.BuildingBlocks.Domain\Habanerio.Core.BuildingBlocks.Domain.csproj", "{8D245B9A-FA2F-41AC-B5CE-46471C817ACD}"
EndProject
Project("{2150E333-8FDC-42A3-9474-1A3956D46DE8}") = "BuildingBlocks", "BuildingBlocks", "{D0725A6D-A016-4DEA-8F42-E0CCA25FDBE2}"
EndProject
Project("{9A19103F-16F7-4668-BE54-9A1E7A4F7556}") = "Deliscio.Modules.BuildingBlocks", "src\modules\BuildingBlocks\Deliscio.Modules.BuildingBlocks\Deliscio.Modules.BuildingBlocks.csproj", "{BFB75264-606E-40D3-824D-8B6B747EB278}"
EndProject
Global
	GlobalSection(SolutionConfigurationPlatforms) = preSolution
		Debug|Any CPU = Debug|Any CPU
		Release|Any CPU = Release|Any CPU
	EndGlobalSection
	GlobalSection(ProjectConfigurationPlatforms) = postSolution
		{4734CEB6-89B8-45E6-A599-E0A131139A79}.Debug|Any CPU.ActiveCfg = Debug|Any CPU
		{4734CEB6-89B8-45E6-A599-E0A131139A79}.Debug|Any CPU.Build.0 = Debug|Any CPU
		{4734CEB6-89B8-45E6-A599-E0A131139A79}.Release|Any CPU.ActiveCfg = Release|Any CPU
		{4734CEB6-89B8-45E6-A599-E0A131139A79}.Release|Any CPU.Build.0 = Release|Any CPU
		{D7628DA2-674D-4225-811A-E3FF4800EF10}.Debug|Any CPU.ActiveCfg = Debug|Any CPU
		{D7628DA2-674D-4225-811A-E3FF4800EF10}.Debug|Any CPU.Build.0 = Debug|Any CPU
		{D7628DA2-674D-4225-811A-E3FF4800EF10}.Release|Any CPU.ActiveCfg = Release|Any CPU
		{D7628DA2-674D-4225-811A-E3FF4800EF10}.Release|Any CPU.Build.0 = Release|Any CPU
		{50AD45F5-C9E2-4B54-9BEB-717A2A30DA1C}.Debug|Any CPU.ActiveCfg = Debug|Any CPU
		{50AD45F5-C9E2-4B54-9BEB-717A2A30DA1C}.Debug|Any CPU.Build.0 = Debug|Any CPU
		{50AD45F5-C9E2-4B54-9BEB-717A2A30DA1C}.Release|Any CPU.ActiveCfg = Release|Any CPU
		{50AD45F5-C9E2-4B54-9BEB-717A2A30DA1C}.Release|Any CPU.Build.0 = Release|Any CPU
		{4FCBB2CB-8C40-4EB1-82A0-5A76381E3392}.Debug|Any CPU.ActiveCfg = Debug|Any CPU
		{4FCBB2CB-8C40-4EB1-82A0-5A76381E3392}.Debug|Any CPU.Build.0 = Debug|Any CPU
		{4FCBB2CB-8C40-4EB1-82A0-5A76381E3392}.Release|Any CPU.ActiveCfg = Release|Any CPU
		{4FCBB2CB-8C40-4EB1-82A0-5A76381E3392}.Release|Any CPU.Build.0 = Release|Any CPU
		{5B23EFBD-4442-4437-A1BC-17E6FD445803}.Debug|Any CPU.ActiveCfg = Debug|Any CPU
		{5B23EFBD-4442-4437-A1BC-17E6FD445803}.Debug|Any CPU.Build.0 = Debug|Any CPU
		{5B23EFBD-4442-4437-A1BC-17E6FD445803}.Release|Any CPU.ActiveCfg = Release|Any CPU
		{5B23EFBD-4442-4437-A1BC-17E6FD445803}.Release|Any CPU.Build.0 = Release|Any CPU
		{6D1D6FA6-4210-4851-931C-85CF0F3B44D9}.Debug|Any CPU.ActiveCfg = Debug|Any CPU
		{6D1D6FA6-4210-4851-931C-85CF0F3B44D9}.Debug|Any CPU.Build.0 = Debug|Any CPU
		{6D1D6FA6-4210-4851-931C-85CF0F3B44D9}.Release|Any CPU.ActiveCfg = Release|Any CPU
		{6D1D6FA6-4210-4851-931C-85CF0F3B44D9}.Release|Any CPU.Build.0 = Release|Any CPU
		{65AFAD76-3B6E-43A4-A94B-599BC912DB71}.Debug|Any CPU.ActiveCfg = Debug|Any CPU
		{65AFAD76-3B6E-43A4-A94B-599BC912DB71}.Debug|Any CPU.Build.0 = Debug|Any CPU
		{65AFAD76-3B6E-43A4-A94B-599BC912DB71}.Release|Any CPU.ActiveCfg = Release|Any CPU
		{65AFAD76-3B6E-43A4-A94B-599BC912DB71}.Release|Any CPU.Build.0 = Release|Any CPU
		{CD691B65-40CA-46BB-B1DE-5F7BB73CD7B7}.Debug|Any CPU.ActiveCfg = Debug|Any CPU
		{CD691B65-40CA-46BB-B1DE-5F7BB73CD7B7}.Debug|Any CPU.Build.0 = Debug|Any CPU
		{CD691B65-40CA-46BB-B1DE-5F7BB73CD7B7}.Release|Any CPU.ActiveCfg = Release|Any CPU
		{CD691B65-40CA-46BB-B1DE-5F7BB73CD7B7}.Release|Any CPU.Build.0 = Release|Any CPU
		{E36C93F3-A604-451C-8312-550354BE81B6}.Debug|Any CPU.ActiveCfg = Debug|Any CPU
		{E36C93F3-A604-451C-8312-550354BE81B6}.Debug|Any CPU.Build.0 = Debug|Any CPU
		{E36C93F3-A604-451C-8312-550354BE81B6}.Release|Any CPU.ActiveCfg = Release|Any CPU
		{E36C93F3-A604-451C-8312-550354BE81B6}.Release|Any CPU.Build.0 = Release|Any CPU
		{6B06CE26-A9E8-439C-9C5D-1E1AC748E4B1}.Debug|Any CPU.ActiveCfg = Debug|Any CPU
		{6B06CE26-A9E8-439C-9C5D-1E1AC748E4B1}.Debug|Any CPU.Build.0 = Debug|Any CPU
		{6B06CE26-A9E8-439C-9C5D-1E1AC748E4B1}.Release|Any CPU.ActiveCfg = Release|Any CPU
		{6B06CE26-A9E8-439C-9C5D-1E1AC748E4B1}.Release|Any CPU.Build.0 = Release|Any CPU
		{D0834B2E-4784-41EF-89A7-4BD9AF5F8B71}.Debug|Any CPU.ActiveCfg = Debug|Any CPU
		{D0834B2E-4784-41EF-89A7-4BD9AF5F8B71}.Debug|Any CPU.Build.0 = Debug|Any CPU
		{D0834B2E-4784-41EF-89A7-4BD9AF5F8B71}.Release|Any CPU.ActiveCfg = Release|Any CPU
		{D0834B2E-4784-41EF-89A7-4BD9AF5F8B71}.Release|Any CPU.Build.0 = Release|Any CPU
		{A8321F1A-CA91-463E-93A1-224A1DB1C73B}.Debug|Any CPU.ActiveCfg = Debug|Any CPU
		{A8321F1A-CA91-463E-93A1-224A1DB1C73B}.Debug|Any CPU.Build.0 = Debug|Any CPU
		{A8321F1A-CA91-463E-93A1-224A1DB1C73B}.Release|Any CPU.ActiveCfg = Release|Any CPU
		{A8321F1A-CA91-463E-93A1-224A1DB1C73B}.Release|Any CPU.Build.0 = Release|Any CPU
		{A59C2A25-663D-45C4-B18C-1F8F80D98D4C}.Debug|Any CPU.ActiveCfg = Debug|Any CPU
		{A59C2A25-663D-45C4-B18C-1F8F80D98D4C}.Debug|Any CPU.Build.0 = Debug|Any CPU
		{A59C2A25-663D-45C4-B18C-1F8F80D98D4C}.Release|Any CPU.ActiveCfg = Release|Any CPU
		{A59C2A25-663D-45C4-B18C-1F8F80D98D4C}.Release|Any CPU.Build.0 = Release|Any CPU
		{60CA6767-315E-4FE5-A60D-E5F747DB3B63}.Debug|Any CPU.ActiveCfg = Debug|Any CPU
		{60CA6767-315E-4FE5-A60D-E5F747DB3B63}.Debug|Any CPU.Build.0 = Debug|Any CPU
		{60CA6767-315E-4FE5-A60D-E5F747DB3B63}.Release|Any CPU.ActiveCfg = Release|Any CPU
		{60CA6767-315E-4FE5-A60D-E5F747DB3B63}.Release|Any CPU.Build.0 = Release|Any CPU
		{F7F3A25D-921C-48EB-B5DD-536D257630E1}.Debug|Any CPU.ActiveCfg = Debug|Any CPU
		{F7F3A25D-921C-48EB-B5DD-536D257630E1}.Debug|Any CPU.Build.0 = Debug|Any CPU
		{F7F3A25D-921C-48EB-B5DD-536D257630E1}.Release|Any CPU.ActiveCfg = Release|Any CPU
		{F7F3A25D-921C-48EB-B5DD-536D257630E1}.Release|Any CPU.Build.0 = Release|Any CPU
		{F86281CA-A201-45F4-82D4-A4BD203F7F99}.Debug|Any CPU.ActiveCfg = Debug|Any CPU
		{F86281CA-A201-45F4-82D4-A4BD203F7F99}.Debug|Any CPU.Build.0 = Debug|Any CPU
		{F86281CA-A201-45F4-82D4-A4BD203F7F99}.Release|Any CPU.ActiveCfg = Release|Any CPU
		{F86281CA-A201-45F4-82D4-A4BD203F7F99}.Release|Any CPU.Build.0 = Release|Any CPU
		{352D8FC9-C6F1-4128-B8D7-3112C9D0A51E}.Debug|Any CPU.ActiveCfg = Debug|Any CPU
		{352D8FC9-C6F1-4128-B8D7-3112C9D0A51E}.Debug|Any CPU.Build.0 = Debug|Any CPU
		{352D8FC9-C6F1-4128-B8D7-3112C9D0A51E}.Release|Any CPU.ActiveCfg = Release|Any CPU
		{352D8FC9-C6F1-4128-B8D7-3112C9D0A51E}.Release|Any CPU.Build.0 = Release|Any CPU
		{81CD3E8C-2A67-4AFB-AA35-BFB8B5262D69}.Debug|Any CPU.ActiveCfg = Debug|Any CPU
		{81CD3E8C-2A67-4AFB-AA35-BFB8B5262D69}.Debug|Any CPU.Build.0 = Debug|Any CPU
		{81CD3E8C-2A67-4AFB-AA35-BFB8B5262D69}.Release|Any CPU.ActiveCfg = Release|Any CPU
		{81CD3E8C-2A67-4AFB-AA35-BFB8B5262D69}.Release|Any CPU.Build.0 = Release|Any CPU
		{BFF75DFF-EBBD-49D5-A0BE-DF7251F39829}.Debug|Any CPU.ActiveCfg = Debug|Any CPU
		{BFF75DFF-EBBD-49D5-A0BE-DF7251F39829}.Debug|Any CPU.Build.0 = Debug|Any CPU
		{BFF75DFF-EBBD-49D5-A0BE-DF7251F39829}.Release|Any CPU.ActiveCfg = Release|Any CPU
		{BFF75DFF-EBBD-49D5-A0BE-DF7251F39829}.Release|Any CPU.Build.0 = Release|Any CPU
		{235DEF65-E9CE-4A4B-92CA-4CD57078F786}.Debug|Any CPU.ActiveCfg = Debug|Any CPU
		{235DEF65-E9CE-4A4B-92CA-4CD57078F786}.Debug|Any CPU.Build.0 = Debug|Any CPU
		{235DEF65-E9CE-4A4B-92CA-4CD57078F786}.Release|Any CPU.ActiveCfg = Release|Any CPU
		{235DEF65-E9CE-4A4B-92CA-4CD57078F786}.Release|Any CPU.Build.0 = Release|Any CPU
		{146006D2-7EC2-47CD-9E0B-34FAE0AEB12D}.Debug|Any CPU.ActiveCfg = Debug|Any CPU
		{146006D2-7EC2-47CD-9E0B-34FAE0AEB12D}.Debug|Any CPU.Build.0 = Debug|Any CPU
		{146006D2-7EC2-47CD-9E0B-34FAE0AEB12D}.Release|Any CPU.ActiveCfg = Release|Any CPU
		{146006D2-7EC2-47CD-9E0B-34FAE0AEB12D}.Release|Any CPU.Build.0 = Release|Any CPU
		{DD08E98A-9394-4576-B5B5-510D2339911A}.Debug|Any CPU.ActiveCfg = Debug|Any CPU
		{DD08E98A-9394-4576-B5B5-510D2339911A}.Debug|Any CPU.Build.0 = Debug|Any CPU
		{DD08E98A-9394-4576-B5B5-510D2339911A}.Release|Any CPU.ActiveCfg = Release|Any CPU
		{DD08E98A-9394-4576-B5B5-510D2339911A}.Release|Any CPU.Build.0 = Release|Any CPU
		{2D1D2659-5DBA-47E2-8F03-5D95ABA306C9}.Debug|Any CPU.ActiveCfg = Debug|Any CPU
		{2D1D2659-5DBA-47E2-8F03-5D95ABA306C9}.Debug|Any CPU.Build.0 = Debug|Any CPU
		{2D1D2659-5DBA-47E2-8F03-5D95ABA306C9}.Release|Any CPU.ActiveCfg = Release|Any CPU
		{2D1D2659-5DBA-47E2-8F03-5D95ABA306C9}.Release|Any CPU.Build.0 = Release|Any CPU
		{A8B8E5FB-5272-467C-8172-7ED0EBF0116A}.Debug|Any CPU.ActiveCfg = Debug|Any CPU
		{A8B8E5FB-5272-467C-8172-7ED0EBF0116A}.Debug|Any CPU.Build.0 = Debug|Any CPU
		{A8B8E5FB-5272-467C-8172-7ED0EBF0116A}.Release|Any CPU.ActiveCfg = Release|Any CPU
		{A8B8E5FB-5272-467C-8172-7ED0EBF0116A}.Release|Any CPU.Build.0 = Release|Any CPU
		{D10A1FD8-866D-4136-8116-64E9B0AEB834}.Debug|Any CPU.ActiveCfg = Debug|Any CPU
		{D10A1FD8-866D-4136-8116-64E9B0AEB834}.Debug|Any CPU.Build.0 = Debug|Any CPU
		{D10A1FD8-866D-4136-8116-64E9B0AEB834}.Release|Any CPU.ActiveCfg = Release|Any CPU
		{D10A1FD8-866D-4136-8116-64E9B0AEB834}.Release|Any CPU.Build.0 = Release|Any CPU
		{B6A76E11-A771-4246-9CA2-E8D2E0ED3600}.Debug|Any CPU.ActiveCfg = Debug|Any CPU
		{B6A76E11-A771-4246-9CA2-E8D2E0ED3600}.Debug|Any CPU.Build.0 = Debug|Any CPU
		{B6A76E11-A771-4246-9CA2-E8D2E0ED3600}.Release|Any CPU.ActiveCfg = Release|Any CPU
		{B6A76E11-A771-4246-9CA2-E8D2E0ED3600}.Release|Any CPU.Build.0 = Release|Any CPU
		{8D676F9F-8EED-4628-ACFA-67AE6072C02F}.Debug|Any CPU.ActiveCfg = Debug|Any CPU
		{8D676F9F-8EED-4628-ACFA-67AE6072C02F}.Debug|Any CPU.Build.0 = Debug|Any CPU
		{8D676F9F-8EED-4628-ACFA-67AE6072C02F}.Release|Any CPU.ActiveCfg = Release|Any CPU
		{8D676F9F-8EED-4628-ACFA-67AE6072C02F}.Release|Any CPU.Build.0 = Release|Any CPU
		{96D44300-4377-4139-BC8C-277C0B6A31D7}.Debug|Any CPU.ActiveCfg = Debug|Any CPU
		{96D44300-4377-4139-BC8C-277C0B6A31D7}.Debug|Any CPU.Build.0 = Debug|Any CPU
		{96D44300-4377-4139-BC8C-277C0B6A31D7}.Release|Any CPU.ActiveCfg = Release|Any CPU
		{96D44300-4377-4139-BC8C-277C0B6A31D7}.Release|Any CPU.Build.0 = Release|Any CPU
		{E14720E9-4C0A-45D2-A2E5-AB1D25D75DD8}.Debug|Any CPU.ActiveCfg = Debug|Any CPU
		{E14720E9-4C0A-45D2-A2E5-AB1D25D75DD8}.Debug|Any CPU.Build.0 = Debug|Any CPU
		{E14720E9-4C0A-45D2-A2E5-AB1D25D75DD8}.Release|Any CPU.ActiveCfg = Release|Any CPU
		{E14720E9-4C0A-45D2-A2E5-AB1D25D75DD8}.Release|Any CPU.Build.0 = Release|Any CPU
		{E48E2279-7111-4EEC-BC0B-F11A8866F79C}.Debug|Any CPU.ActiveCfg = Debug|Any CPU
		{E48E2279-7111-4EEC-BC0B-F11A8866F79C}.Debug|Any CPU.Build.0 = Debug|Any CPU
		{E48E2279-7111-4EEC-BC0B-F11A8866F79C}.Release|Any CPU.ActiveCfg = Release|Any CPU
		{E48E2279-7111-4EEC-BC0B-F11A8866F79C}.Release|Any CPU.Build.0 = Release|Any CPU
		{3F6C2320-E607-476D-9CE9-36EFE51A9D54}.Debug|Any CPU.ActiveCfg = Debug|Any CPU
		{3F6C2320-E607-476D-9CE9-36EFE51A9D54}.Debug|Any CPU.Build.0 = Debug|Any CPU
		{3F6C2320-E607-476D-9CE9-36EFE51A9D54}.Release|Any CPU.ActiveCfg = Release|Any CPU
		{3F6C2320-E607-476D-9CE9-36EFE51A9D54}.Release|Any CPU.Build.0 = Release|Any CPU
		{D3C24BBD-8577-417A-AA3A-5F093FBEB1B8}.Debug|Any CPU.ActiveCfg = Debug|Any CPU
		{D3C24BBD-8577-417A-AA3A-5F093FBEB1B8}.Debug|Any CPU.Build.0 = Debug|Any CPU
		{D3C24BBD-8577-417A-AA3A-5F093FBEB1B8}.Release|Any CPU.ActiveCfg = Release|Any CPU
		{D3C24BBD-8577-417A-AA3A-5F093FBEB1B8}.Release|Any CPU.Build.0 = Release|Any CPU
		{1DFA5B93-A17C-4033-8379-BBD9613E6D8D}.Debug|Any CPU.ActiveCfg = Debug|Any CPU
		{1DFA5B93-A17C-4033-8379-BBD9613E6D8D}.Debug|Any CPU.Build.0 = Debug|Any CPU
		{1DFA5B93-A17C-4033-8379-BBD9613E6D8D}.Release|Any CPU.ActiveCfg = Release|Any CPU
		{1DFA5B93-A17C-4033-8379-BBD9613E6D8D}.Release|Any CPU.Build.0 = Release|Any CPU
		{CC738F19-917F-4C0C-84A4-26E6D4121A71}.Debug|Any CPU.ActiveCfg = Debug|Any CPU
		{CC738F19-917F-4C0C-84A4-26E6D4121A71}.Debug|Any CPU.Build.0 = Debug|Any CPU
		{CC738F19-917F-4C0C-84A4-26E6D4121A71}.Release|Any CPU.ActiveCfg = Release|Any CPU
		{CC738F19-917F-4C0C-84A4-26E6D4121A71}.Release|Any CPU.Build.0 = Release|Any CPU
		{6875927A-0498-4811-9425-BB44D0B984FB}.Debug|Any CPU.ActiveCfg = Debug|Any CPU
		{6875927A-0498-4811-9425-BB44D0B984FB}.Debug|Any CPU.Build.0 = Debug|Any CPU
		{6875927A-0498-4811-9425-BB44D0B984FB}.Release|Any CPU.ActiveCfg = Release|Any CPU
		{6875927A-0498-4811-9425-BB44D0B984FB}.Release|Any CPU.Build.0 = Release|Any CPU
		{0AB43A90-8F40-4C59-9E2A-0CE42C98261F}.Debug|Any CPU.ActiveCfg = Debug|Any CPU
		{0AB43A90-8F40-4C59-9E2A-0CE42C98261F}.Debug|Any CPU.Build.0 = Debug|Any CPU
		{0AB43A90-8F40-4C59-9E2A-0CE42C98261F}.Release|Any CPU.ActiveCfg = Release|Any CPU
		{0AB43A90-8F40-4C59-9E2A-0CE42C98261F}.Release|Any CPU.Build.0 = Release|Any CPU
		{BE406C60-EAA8-48E5-8F5F-3E04AD70ED70}.Debug|Any CPU.ActiveCfg = Debug|Any CPU
		{BE406C60-EAA8-48E5-8F5F-3E04AD70ED70}.Debug|Any CPU.Build.0 = Debug|Any CPU
		{BE406C60-EAA8-48E5-8F5F-3E04AD70ED70}.Release|Any CPU.ActiveCfg = Release|Any CPU
		{BE406C60-EAA8-48E5-8F5F-3E04AD70ED70}.Release|Any CPU.Build.0 = Release|Any CPU
		{EF437B6E-8E89-4311-9543-F673E0324DF1}.Debug|Any CPU.ActiveCfg = Debug|Any CPU
		{EF437B6E-8E89-4311-9543-F673E0324DF1}.Debug|Any CPU.Build.0 = Debug|Any CPU
		{EF437B6E-8E89-4311-9543-F673E0324DF1}.Release|Any CPU.ActiveCfg = Release|Any CPU
		{EF437B6E-8E89-4311-9543-F673E0324DF1}.Release|Any CPU.Build.0 = Release|Any CPU
		{8D245B9A-FA2F-41AC-B5CE-46471C817ACD}.Debug|Any CPU.ActiveCfg = Debug|Any CPU
		{8D245B9A-FA2F-41AC-B5CE-46471C817ACD}.Debug|Any CPU.Build.0 = Debug|Any CPU
		{8D245B9A-FA2F-41AC-B5CE-46471C817ACD}.Release|Any CPU.ActiveCfg = Release|Any CPU
		{8D245B9A-FA2F-41AC-B5CE-46471C817ACD}.Release|Any CPU.Build.0 = Release|Any CPU
		{BFB75264-606E-40D3-824D-8B6B747EB278}.Debug|Any CPU.ActiveCfg = Debug|Any CPU
		{BFB75264-606E-40D3-824D-8B6B747EB278}.Debug|Any CPU.Build.0 = Debug|Any CPU
		{BFB75264-606E-40D3-824D-8B6B747EB278}.Release|Any CPU.ActiveCfg = Release|Any CPU
		{BFB75264-606E-40D3-824D-8B6B747EB278}.Release|Any CPU.Build.0 = Release|Any CPU
	EndGlobalSection
	GlobalSection(SolutionProperties) = preSolution
		HideSolutionNode = FALSE
	EndGlobalSection
	GlobalSection(NestedProjects) = preSolution
		{FE2A2E89-57F5-46A3-82CA-3C5B63AB1823} = {66EC5621-1A02-4917-BF1F-D883B070E700}
		{D00548A2-564A-40FB-B32C-6EDAB77B2E9F} = {66EC5621-1A02-4917-BF1F-D883B070E700}
		{7AFB3B2D-331A-47B3-A010-0C9F45FBC488} = {66EC5621-1A02-4917-BF1F-D883B070E700}
		{8A0FEAF8-AFC9-4169-BDCF-90AED2CDC300} = {7AFB3B2D-331A-47B3-A010-0C9F45FBC488}
		{E645353F-7613-41C0-8844-146D3CEAD817} = {F9A2B29F-4807-4C70-80F5-819B36B2B318}
		{E0524F3A-6339-415D-B573-7EB0D5041E74} = {6697FEF3-D741-40F8-B5A1-D6BDE2267103}
		{4734CEB6-89B8-45E6-A599-E0A131139A79} = {E0524F3A-6339-415D-B573-7EB0D5041E74}
		{D7628DA2-674D-4225-811A-E3FF4800EF10} = {E0524F3A-6339-415D-B573-7EB0D5041E74}
		{50AD45F5-C9E2-4B54-9BEB-717A2A30DA1C} = {E0524F3A-6339-415D-B573-7EB0D5041E74}
		{3CDD168E-C604-40C5-B043-6543C6B626E1} = {AC03ADF7-B58A-4F72-9D41-DB5EEA43B3A1}
		{4FCBB2CB-8C40-4EB1-82A0-5A76381E3392} = {3CDD168E-C604-40C5-B043-6543C6B626E1}
		{5B23EFBD-4442-4437-A1BC-17E6FD445803} = {3CDD168E-C604-40C5-B043-6543C6B626E1}
		{6D1D6FA6-4210-4851-931C-85CF0F3B44D9} = {AC03ADF7-B58A-4F72-9D41-DB5EEA43B3A1}
		{F1D22FE1-3CC4-4ABF-886C-FA24247B79B2} = {2A3D1CD1-9B6F-4B54-B65A-8D49F486EDB9}
		{65AFAD76-3B6E-43A4-A94B-599BC912DB71} = {F9A2B29F-4807-4C70-80F5-819B36B2B318}
		{CBFF9B23-59F5-4117-9AC6-6A5D496BDD72} = {2A3D1CD1-9B6F-4B54-B65A-8D49F486EDB9}
		{CD691B65-40CA-46BB-B1DE-5F7BB73CD7B7} = {F1D22FE1-3CC4-4ABF-886C-FA24247B79B2}
		{999FC850-B0BF-4661-B7A8-7509F3DC8683} = {7AFB3B2D-331A-47B3-A010-0C9F45FBC488}
		{E794F7B4-F237-446E-9FA5-FDBC154FDF49} = {FE2A2E89-57F5-46A3-82CA-3C5B63AB1823}
		{B61C225C-7AF5-4A0B-9ACC-0E5557DF447A} = {E794F7B4-F237-446E-9FA5-FDBC154FDF49}
		{E36C93F3-A604-451C-8312-550354BE81B6} = {B61C225C-7AF5-4A0B-9ACC-0E5557DF447A}
		{83650EA7-03B1-41E0-B052-083310FB1FC4} = {2A3D1CD1-9B6F-4B54-B65A-8D49F486EDB9}
		{9164AB74-9390-4531-BB35-A7A78141B393} = {2A3D1CD1-9B6F-4B54-B65A-8D49F486EDB9}
		{807B60C0-B77B-4D11-97FF-867DACA3EA51} = {4B060D42-9CBB-451B-905D-2A3F096489A6}
		{6B06CE26-A9E8-439C-9C5D-1E1AC748E4B1} = {807B60C0-B77B-4D11-97FF-867DACA3EA51}
		{D0834B2E-4784-41EF-89A7-4BD9AF5F8B71} = {CD657082-621C-4259-BFBB-86719BE0EE27}
		{A8321F1A-CA91-463E-93A1-224A1DB1C73B} = {9164AB74-9390-4531-BB35-A7A78141B393}
		{A59C2A25-663D-45C4-B18C-1F8F80D98D4C} = {9164AB74-9390-4531-BB35-A7A78141B393}
		{60CA6767-315E-4FE5-A60D-E5F747DB3B63} = {9164AB74-9390-4531-BB35-A7A78141B393}
		{F7F3A25D-921C-48EB-B5DD-536D257630E1} = {83650EA7-03B1-41E0-B052-083310FB1FC4}
		{F86281CA-A201-45F4-82D4-A4BD203F7F99} = {83650EA7-03B1-41E0-B052-083310FB1FC4}
		{352D8FC9-C6F1-4128-B8D7-3112C9D0A51E} = {83650EA7-03B1-41E0-B052-083310FB1FC4}
		{81CD3E8C-2A67-4AFB-AA35-BFB8B5262D69} = {83650EA7-03B1-41E0-B052-083310FB1FC4}
		{BFF75DFF-EBBD-49D5-A0BE-DF7251F39829} = {999FC850-B0BF-4661-B7A8-7509F3DC8683}
		{235DEF65-E9CE-4A4B-92CA-4CD57078F786} = {83650EA7-03B1-41E0-B052-083310FB1FC4}
		{146006D2-7EC2-47CD-9E0B-34FAE0AEB12D} = {83650EA7-03B1-41E0-B052-083310FB1FC4}
		{DD08E98A-9394-4576-B5B5-510D2339911A} = {83650EA7-03B1-41E0-B052-083310FB1FC4}
		{88D6FD7E-1AE9-44A6-8283-EA80A75717CE} = {7AFB3B2D-331A-47B3-A010-0C9F45FBC488}
		{2D1D2659-5DBA-47E2-8F03-5D95ABA306C9} = {88D6FD7E-1AE9-44A6-8283-EA80A75717CE}
		{BEB01BDD-B29E-41E1-9022-A6F1D8CBC4E7} = {2A3D1CD1-9B6F-4B54-B65A-8D49F486EDB9}
		{6F46F840-7BA4-4C33-94B8-BB86C3624EC5} = {2A3D1CD1-9B6F-4B54-B65A-8D49F486EDB9}
		{775C3E45-C97E-4FBA-A5E2-A3855CB7A341} = {2A3D1CD1-9B6F-4B54-B65A-8D49F486EDB9}
		{A8B8E5FB-5272-467C-8172-7ED0EBF0116A} = {775C3E45-C97E-4FBA-A5E2-A3855CB7A341}
		{5E364BA3-3466-4E95-B495-07DCE788CD46} = {2A3D1CD1-9B6F-4B54-B65A-8D49F486EDB9}
		{D10A1FD8-866D-4136-8116-64E9B0AEB834} = {5E364BA3-3466-4E95-B495-07DCE788CD46}
		{46A86307-FA51-4E81-B9D5-1CF0BC0273CA} = {FE2A2E89-57F5-46A3-82CA-3C5B63AB1823}
		{B6A76E11-A771-4246-9CA2-E8D2E0ED3600} = {46A86307-FA51-4E81-B9D5-1CF0BC0273CA}
		{AE15A452-342A-4CB0-AB71-7C2247F5E166} = {D00548A2-564A-40FB-B32C-6EDAB77B2E9F}
		{8D676F9F-8EED-4628-ACFA-67AE6072C02F} = {AE15A452-342A-4CB0-AB71-7C2247F5E166}
		{7C9F7B27-36BF-47C2-8A8F-12C6CBEB3CB6} = {7AFB3B2D-331A-47B3-A010-0C9F45FBC488}
		{96D44300-4377-4139-BC8C-277C0B6A31D7} = {7C9F7B27-36BF-47C2-8A8F-12C6CBEB3CB6}
		{E116263E-AE49-40EA-8436-EA3C192C1D77} = {6697FEF3-D741-40F8-B5A1-D6BDE2267103}
		{E14720E9-4C0A-45D2-A2E5-AB1D25D75DD8} = {E116263E-AE49-40EA-8436-EA3C192C1D77}
		{3CEA80FB-4DCD-4569-98FC-0BF4E6AF9EA0} = {79B91636-9526-4B47-8A04-C7026E10691F}
		{B04EF100-C21C-4B97-B3BF-85B81FC1777A} = {79B91636-9526-4B47-8A04-C7026E10691F}
		{36DE16F6-9371-421D-8F6D-AFD4AB13A985} = {79B91636-9526-4B47-8A04-C7026E10691F}
		{E48E2279-7111-4EEC-BC0B-F11A8866F79C} = {B04EF100-C21C-4B97-B3BF-85B81FC1777A}
		{3F6C2320-E607-476D-9CE9-36EFE51A9D54} = {79B91636-9526-4B47-8A04-C7026E10691F}
		{3C736E50-46AB-4BE1-95F1-F5AF8958447B} = {6F46F840-7BA4-4C33-94B8-BB86C3624EC5}
		{D3C24BBD-8577-417A-AA3A-5F093FBEB1B8} = {3C736E50-46AB-4BE1-95F1-F5AF8958447B}
		{1DFA5B93-A17C-4033-8379-BBD9613E6D8D} = {775C3E45-C97E-4FBA-A5E2-A3855CB7A341}
		{72A77728-3A20-4194-BCE7-ED5BB1D35223} = {6F46F840-7BA4-4C33-94B8-BB86C3624EC5}
		{CC738F19-917F-4C0C-84A4-26E6D4121A71} = {72A77728-3A20-4194-BCE7-ED5BB1D35223}
		{6875927A-0498-4811-9425-BB44D0B984FB} = {36DE16F6-9371-421D-8F6D-AFD4AB13A985}
		{0AB43A90-8F40-4C59-9E2A-0CE42C98261F} = {7EE71068-93FC-41D4-B757-994E1E268329}
		{BE406C60-EAA8-48E5-8F5F-3E04AD70ED70} = {7EE71068-93FC-41D4-B757-994E1E268329}
		{24BEC232-7C02-4CD9-B4E1-ED77F9E48745} = {2A3D1CD1-9B6F-4B54-B65A-8D49F486EDB9}
		{EF437B6E-8E89-4311-9543-F673E0324DF1} = {CBFF9B23-59F5-4117-9AC6-6A5D496BDD72}
		{547BF5A7-EB2F-4F7E-AD7E-372C3FF71424} = {AC03ADF7-B58A-4F72-9D41-DB5EEA43B3A1}
		{8D245B9A-FA2F-41AC-B5CE-46471C817ACD} = {547BF5A7-EB2F-4F7E-AD7E-372C3FF71424}
		{D0725A6D-A016-4DEA-8F42-E0CCA25FDBE2} = {2A3D1CD1-9B6F-4B54-B65A-8D49F486EDB9}
		{BFB75264-606E-40D3-824D-8B6B747EB278} = {D0725A6D-A016-4DEA-8F42-E0CCA25FDBE2}
	EndGlobalSection
	GlobalSection(ExtensibilityGlobals) = postSolution
		SolutionGuid = {CC98CF49-1486-4252-A157-DA1293256158}
	EndGlobalSection
EndGlobal
