
Microsoft Visual Studio Solution File, Format Version 12.00
# Visual Studio Version 17
VisualStudioVersion = 17.5.002.0
MinimumVisualStudioVersion = 10.0.40219.1
Project("{9A19103F-16F7-4668-BE54-9A1E7A4F7556}") = "Deliscio.Admin", "Deliscio.Admin.csproj", "{73BC2460-01B8-462F-B85D-0810950CB92F}"
EndProject
Global
	GlobalSection(SolutionConfigurationPlatforms) = preSolution
		Debug|Any CPU = Debug|Any CPU
		Release|Any CPU = Release|Any CPU
	EndGlobalSection
	GlobalSection(ProjectConfigurationPlatforms) = postSolution
		{73BC2460-01B8-462F-B85D-0810950CB92F}.Debug|Any CPU.ActiveCfg = Debug|Any CPU
		{73BC2460-01B8-462F-B85D-0810950CB92F}.Debug|Any CPU.Build.0 = Debug|Any CPU
		{73BC2460-01B8-462F-B85D-0810950CB92F}.Release|Any CPU.ActiveCfg = Release|Any CPU
		{73BC2460-01B8-462F-B85D-0810950CB92F}.Release|Any CPU.Build.0 = Release|Any CPU
	EndGlobalSection
	GlobalSection(SolutionProperties) = preSolution
		HideSolutionNode = FALSE
	EndGlobalSection
	GlobalSection(ExtensibilityGlobals) = postSolution
		SolutionGuid = {F0285C9E-CE96-426A-AD80-B6205338C614}
	EndGlobalSection
EndGlobal
